
Microsoft Visual Studio Solution File, Format Version 12.00
# Visual Studio 15
VisualStudioVersion = 15.0.26124.0
MinimumVisualStudioVersion = 15.0.26124.0
Project("{FAE04EC0-301F-11D3-BF4B-00C04F79EFBC}") = "MonolithApi", "MonolithWeb\MonolithApi.csproj", "{7AB1500D-EE55-4F4F-AC33-867E119407CB}"
EndProject
Project("{2150E333-8FDC-42A3-9474-1A3956D46DE8}") = "BusinessModules", "BusinessModules", "{366A369C-E9BC-4B33-BA6B-694B0BAD69FE}"
EndProject
Project("{2150E333-8FDC-42A3-9474-1A3956D46DE8}") = "Chat", "Chat", "{C91A3F7E-C64B-4BDA-87FD-983F3EE5035B}"
EndProject
Project("{FAE04EC0-301F-11D3-BF4B-00C04F79EFBC}") = "ChatDatabase", "BusinessModules\Chat\Database\ChatDatabase.csproj", "{EBE5A5B4-D774-4BB7-822E-F3534B974D2C}"
EndProject
Project("{FAE04EC0-301F-11D3-BF4B-00C04F79EFBC}") = "ChatApi", "BusinessModules\Chat\LambdaApi\ChatApi.csproj", "{C6B7DB9D-441D-443A-B94E-48B81CD4A872}"
EndProject
Project("{FAE04EC0-301F-11D3-BF4B-00C04F79EFBC}") = "ChatWeb", "BusinessModules\Chat\MonolithWeb\ChatWeb.csproj", "{5C7DBF81-EEE7-4CB0-AAFF-4634CA324B31}"
EndProject
Project("{FAE04EC0-301F-11D3-BF4B-00C04F79EFBC}") = "ChatTask1", "BusinessModules\Chat\ScheduledTask1\ChatTask1.csproj", "{F6A07B3A-18F3-499A-8EF5-D8A250D6799B}"
EndProject
Project("{FAE04EC0-301F-11D3-BF4B-00C04F79EFBC}") = "ChatTask2", "BusinessModules\Chat\ScheduledTask2\ChatTask2.csproj", "{8FD22310-A56A-485D-BC3B-9DC19A649209}"
EndProject
Global
	GlobalSection(SolutionConfigurationPlatforms) = preSolution
		Debug|Any CPU = Debug|Any CPU
		Debug|x64 = Debug|x64
		Debug|x86 = Debug|x86
		Release|Any CPU = Release|Any CPU
		Release|x64 = Release|x64
		Release|x86 = Release|x86
	EndGlobalSection
	GlobalSection(SolutionProperties) = preSolution
		HideSolutionNode = FALSE
	EndGlobalSection
	GlobalSection(ProjectConfigurationPlatforms) = postSolution
		{7AB1500D-EE55-4F4F-AC33-867E119407CB}.Debug|Any CPU.ActiveCfg = Debug|Any CPU
		{7AB1500D-EE55-4F4F-AC33-867E119407CB}.Debug|Any CPU.Build.0 = Debug|Any CPU
		{7AB1500D-EE55-4F4F-AC33-867E119407CB}.Debug|x64.ActiveCfg = Debug|Any CPU
		{7AB1500D-EE55-4F4F-AC33-867E119407CB}.Debug|x64.Build.0 = Debug|Any CPU
		{7AB1500D-EE55-4F4F-AC33-867E119407CB}.Debug|x86.ActiveCfg = Debug|Any CPU
		{7AB1500D-EE55-4F4F-AC33-867E119407CB}.Debug|x86.Build.0 = Debug|Any CPU
		{7AB1500D-EE55-4F4F-AC33-867E119407CB}.Release|Any CPU.ActiveCfg = Release|Any CPU
		{7AB1500D-EE55-4F4F-AC33-867E119407CB}.Release|Any CPU.Build.0 = Release|Any CPU
		{7AB1500D-EE55-4F4F-AC33-867E119407CB}.Release|x64.ActiveCfg = Release|Any CPU
		{7AB1500D-EE55-4F4F-AC33-867E119407CB}.Release|x64.Build.0 = Release|Any CPU
		{7AB1500D-EE55-4F4F-AC33-867E119407CB}.Release|x86.ActiveCfg = Release|Any CPU
		{7AB1500D-EE55-4F4F-AC33-867E119407CB}.Release|x86.Build.0 = Release|Any CPU
		{EBE5A5B4-D774-4BB7-822E-F3534B974D2C}.Debug|Any CPU.ActiveCfg = Debug|Any CPU
		{EBE5A5B4-D774-4BB7-822E-F3534B974D2C}.Debug|Any CPU.Build.0 = Debug|Any CPU
		{EBE5A5B4-D774-4BB7-822E-F3534B974D2C}.Debug|x64.ActiveCfg = Debug|Any CPU
		{EBE5A5B4-D774-4BB7-822E-F3534B974D2C}.Debug|x64.Build.0 = Debug|Any CPU
		{EBE5A5B4-D774-4BB7-822E-F3534B974D2C}.Debug|x86.ActiveCfg = Debug|Any CPU
		{EBE5A5B4-D774-4BB7-822E-F3534B974D2C}.Debug|x86.Build.0 = Debug|Any CPU
		{EBE5A5B4-D774-4BB7-822E-F3534B974D2C}.Release|Any CPU.ActiveCfg = Release|Any CPU
		{EBE5A5B4-D774-4BB7-822E-F3534B974D2C}.Release|Any CPU.Build.0 = Release|Any CPU
		{EBE5A5B4-D774-4BB7-822E-F3534B974D2C}.Release|x64.ActiveCfg = Release|Any CPU
		{EBE5A5B4-D774-4BB7-822E-F3534B974D2C}.Release|x64.Build.0 = Release|Any CPU
		{EBE5A5B4-D774-4BB7-822E-F3534B974D2C}.Release|x86.ActiveCfg = Release|Any CPU
		{EBE5A5B4-D774-4BB7-822E-F3534B974D2C}.Release|x86.Build.0 = Release|Any CPU
		{C6B7DB9D-441D-443A-B94E-48B81CD4A872}.Debug|Any CPU.ActiveCfg = Debug|Any CPU
		{C6B7DB9D-441D-443A-B94E-48B81CD4A872}.Debug|Any CPU.Build.0 = Debug|Any CPU
		{C6B7DB9D-441D-443A-B94E-48B81CD4A872}.Debug|x64.ActiveCfg = Debug|Any CPU
		{C6B7DB9D-441D-443A-B94E-48B81CD4A872}.Debug|x64.Build.0 = Debug|Any CPU
		{C6B7DB9D-441D-443A-B94E-48B81CD4A872}.Debug|x86.ActiveCfg = Debug|Any CPU
		{C6B7DB9D-441D-443A-B94E-48B81CD4A872}.Debug|x86.Build.0 = Debug|Any CPU
		{C6B7DB9D-441D-443A-B94E-48B81CD4A872}.Release|Any CPU.ActiveCfg = Release|Any CPU
		{C6B7DB9D-441D-443A-B94E-48B81CD4A872}.Release|Any CPU.Build.0 = Release|Any CPU
		{C6B7DB9D-441D-443A-B94E-48B81CD4A872}.Release|x64.ActiveCfg = Release|Any CPU
		{C6B7DB9D-441D-443A-B94E-48B81CD4A872}.Release|x64.Build.0 = Release|Any CPU
		{C6B7DB9D-441D-443A-B94E-48B81CD4A872}.Release|x86.ActiveCfg = Release|Any CPU
		{C6B7DB9D-441D-443A-B94E-48B81CD4A872}.Release|x86.Build.0 = Release|Any CPU
		{5C7DBF81-EEE7-4CB0-AAFF-4634CA324B31}.Debug|Any CPU.ActiveCfg = Debug|Any CPU
		{5C7DBF81-EEE7-4CB0-AAFF-4634CA324B31}.Debug|Any CPU.Build.0 = Debug|Any CPU
		{5C7DBF81-EEE7-4CB0-AAFF-4634CA324B31}.Debug|x64.ActiveCfg = Debug|Any CPU
		{5C7DBF81-EEE7-4CB0-AAFF-4634CA324B31}.Debug|x64.Build.0 = Debug|Any CPU
		{5C7DBF81-EEE7-4CB0-AAFF-4634CA324B31}.Debug|x86.ActiveCfg = Debug|Any CPU
		{5C7DBF81-EEE7-4CB0-AAFF-4634CA324B31}.Debug|x86.Build.0 = Debug|Any CPU
		{5C7DBF81-EEE7-4CB0-AAFF-4634CA324B31}.Release|Any CPU.ActiveCfg = Release|Any CPU
		{5C7DBF81-EEE7-4CB0-AAFF-4634CA324B31}.Release|Any CPU.Build.0 = Release|Any CPU
		{5C7DBF81-EEE7-4CB0-AAFF-4634CA324B31}.Release|x64.ActiveCfg = Release|Any CPU
		{5C7DBF81-EEE7-4CB0-AAFF-4634CA324B31}.Release|x64.Build.0 = Release|Any CPU
		{5C7DBF81-EEE7-4CB0-AAFF-4634CA324B31}.Release|x86.ActiveCfg = Release|Any CPU
		{5C7DBF81-EEE7-4CB0-AAFF-4634CA324B31}.Release|x86.Build.0 = Release|Any CPU
		{F6A07B3A-18F3-499A-8EF5-D8A250D6799B}.Debug|Any CPU.ActiveCfg = Debug|Any CPU
		{F6A07B3A-18F3-499A-8EF5-D8A250D6799B}.Debug|Any CPU.Build.0 = Debug|Any CPU
		{F6A07B3A-18F3-499A-8EF5-D8A250D6799B}.Debug|x64.ActiveCfg = Debug|Any CPU
		{F6A07B3A-18F3-499A-8EF5-D8A250D6799B}.Debug|x64.Build.0 = Debug|Any CPU
		{F6A07B3A-18F3-499A-8EF5-D8A250D6799B}.Debug|x86.ActiveCfg = Debug|Any CPU
		{F6A07B3A-18F3-499A-8EF5-D8A250D6799B}.Debug|x86.Build.0 = Debug|Any CPU
		{F6A07B3A-18F3-499A-8EF5-D8A250D6799B}.Release|Any CPU.ActiveCfg = Release|Any CPU
		{F6A07B3A-18F3-499A-8EF5-D8A250D6799B}.Release|Any CPU.Build.0 = Release|Any CPU
		{F6A07B3A-18F3-499A-8EF5-D8A250D6799B}.Release|x64.ActiveCfg = Release|Any CPU
		{F6A07B3A-18F3-499A-8EF5-D8A250D6799B}.Release|x64.Build.0 = Release|Any CPU
		{F6A07B3A-18F3-499A-8EF5-D8A250D6799B}.Release|x86.ActiveCfg = Release|Any CPU
		{F6A07B3A-18F3-499A-8EF5-D8A250D6799B}.Release|x86.Build.0 = Release|Any CPU
		{8FD22310-A56A-485D-BC3B-9DC19A649209}.Debug|Any CPU.ActiveCfg = Debug|Any CPU
		{8FD22310-A56A-485D-BC3B-9DC19A649209}.Debug|Any CPU.Build.0 = Debug|Any CPU
		{8FD22310-A56A-485D-BC3B-9DC19A649209}.Debug|x64.ActiveCfg = Debug|Any CPU
		{8FD22310-A56A-485D-BC3B-9DC19A649209}.Debug|x64.Build.0 = Debug|Any CPU
		{8FD22310-A56A-485D-BC3B-9DC19A649209}.Debug|x86.ActiveCfg = Debug|Any CPU
		{8FD22310-A56A-485D-BC3B-9DC19A649209}.Debug|x86.Build.0 = Debug|Any CPU
		{8FD22310-A56A-485D-BC3B-9DC19A649209}.Release|Any CPU.ActiveCfg = Release|Any CPU
		{8FD22310-A56A-485D-BC3B-9DC19A649209}.Release|Any CPU.Build.0 = Release|Any CPU
		{8FD22310-A56A-485D-BC3B-9DC19A649209}.Release|x64.ActiveCfg = Release|Any CPU
		{8FD22310-A56A-485D-BC3B-9DC19A649209}.Release|x64.Build.0 = Release|Any CPU
		{8FD22310-A56A-485D-BC3B-9DC19A649209}.Release|x86.ActiveCfg = Release|Any CPU
		{8FD22310-A56A-485D-BC3B-9DC19A649209}.Release|x86.Build.0 = Release|Any CPU
	EndGlobalSection
	GlobalSection(NestedProjects) = preSolution
		{C91A3F7E-C64B-4BDA-87FD-983F3EE5035B} = {366A369C-E9BC-4B33-BA6B-694B0BAD69FE}
		{EBE5A5B4-D774-4BB7-822E-F3534B974D2C} = {C91A3F7E-C64B-4BDA-87FD-983F3EE5035B}
		{C6B7DB9D-441D-443A-B94E-48B81CD4A872} = {C91A3F7E-C64B-4BDA-87FD-983F3EE5035B}
		{5C7DBF81-EEE7-4CB0-AAFF-4634CA324B31} = {C91A3F7E-C64B-4BDA-87FD-983F3EE5035B}
		{F6A07B3A-18F3-499A-8EF5-D8A250D6799B} = {C91A3F7E-C64B-4BDA-87FD-983F3EE5035B}
		{8FD22310-A56A-485D-BC3B-9DC19A649209} = {C91A3F7E-C64B-4BDA-87FD-983F3EE5035B}
	EndGlobalSection
EndGlobal
